// !$*UTF8*$!
{
	archiveVersion = 1;
	classes = {
	};
	objectVersion = 50;
	objects = {

/* Begin PBXBuildFile section */
		8E65FCDC2501DE910049D11F /* AppDelegate.m in Sources */ = {isa = PBXBuildFile; fileRef = 8E65FCDB2501DE910049D11F /* AppDelegate.m */; };
		8E65FCDF2501DE910049D11F /* SceneDelegate.m in Sources */ = {isa = PBXBuildFile; fileRef = 8E65FCDE2501DE910049D11F /* SceneDelegate.m */; };
		8E65FCE22501DE910049D11F /* ViewController.m in Sources */ = {isa = PBXBuildFile; fileRef = 8E65FCE12501DE910049D11F /* ViewController.m */; };
		8E65FCE52501DE910049D11F /* Main.storyboard in Resources */ = {isa = PBXBuildFile; fileRef = 8E65FCE32501DE910049D11F /* Main.storyboard */; };
		8E65FCE72501DE920049D11F /* Assets.xcassets in Resources */ = {isa = PBXBuildFile; fileRef = 8E65FCE62501DE920049D11F /* Assets.xcassets */; };
		8E65FCEA2501DE920049D11F /* LaunchScreen.storyboard in Resources */ = {isa = PBXBuildFile; fileRef = 8E65FCE82501DE920049D11F /* LaunchScreen.storyboard */; };
		8E65FCED2501DE920049D11F /* main.m in Sources */ = {isa = PBXBuildFile; fileRef = 8E65FCEC2501DE920049D11F /* main.m */; };
		8E65FCF72501DE920049D11F /* TestYYTextTests.m in Sources */ = {isa = PBXBuildFile; fileRef = 8E65FCF62501DE920049D11F /* TestYYTextTests.m */; };
		8E65FD022501DE920049D11F /* TestYYTextUITests.m in Sources */ = {isa = PBXBuildFile; fileRef = 8E65FD012501DE920049D11F /* TestYYTextUITests.m */; };
/* End PBXBuildFile section */

/* Begin PBXContainerItemProxy section */
		8E65FCF32501DE920049D11F /* PBXContainerItemProxy */ = {
			isa = PBXContainerItemProxy;
			containerPortal = 8E65FCCF2501DE910049D11F /* Project object */;
			proxyType = 1;
			remoteGlobalIDString = 8E65FCD62501DE910049D11F;
			remoteInfo = TestYYText;
		};
		8E65FCFE2501DE920049D11F /* PBXContainerItemProxy */ = {
			isa = PBXContainerItemProxy;
			containerPortal = 8E65FCCF2501DE910049D11F /* Project object */;
			proxyType = 1;
			remoteGlobalIDString = 8E65FCD62501DE910049D11F;
			remoteInfo = TestYYText;
		};
/* End PBXContainerItemProxy section */

/* Begin PBXFileReference section */
		8E65FCD72501DE910049D11F /* TestYYText.app */ = {isa = PBXFileReference; explicitFileType = wrapper.application; includeInIndex = 0; path = TestYYText.app; sourceTree = BUILT_PRODUCTS_DIR; };
		8E65FCDA2501DE910049D11F /* AppDelegate.h */ = {isa = PBXFileReference; lastKnownFileType = sourcecode.c.h; path = AppDelegate.h; sourceTree = "<group>"; };
		8E65FCDB2501DE910049D11F /* AppDelegate.m */ = {isa = PBXFileReference; lastKnownFileType = sourcecode.c.objc; path = AppDelegate.m; sourceTree = "<group>"; };
		8E65FCDD2501DE910049D11F /* SceneDelegate.h */ = {isa = PBXFileReference; lastKnownFileType = sourcecode.c.h; path = SceneDelegate.h; sourceTree = "<group>"; };
		8E65FCDE2501DE910049D11F /* SceneDelegate.m */ = {isa = PBXFileReference; lastKnownFileType = sourcecode.c.objc; path = SceneDelegate.m; sourceTree = "<group>"; };
		8E65FCE02501DE910049D11F /* ViewController.h */ = {isa = PBXFileReference; lastKnownFileType = sourcecode.c.h; path = ViewController.h; sourceTree = "<group>"; };
		8E65FCE12501DE910049D11F /* ViewController.m */ = {isa = PBXFileReference; lastKnownFileType = sourcecode.c.objc; path = ViewController.m; sourceTree = "<group>"; };
		8E65FCE42501DE910049D11F /* Base */ = {isa = PBXFileReference; lastKnownFileType = file.storyboard; name = Base; path = Base.lproj/Main.storyboard; sourceTree = "<group>"; };
		8E65FCE62501DE920049D11F /* Assets.xcassets */ = {isa = PBXFileReference; lastKnownFileType = folder.assetcatalog; path = Assets.xcassets; sourceTree = "<group>"; };
		8E65FCE92501DE920049D11F /* Base */ = {isa = PBXFileReference; lastKnownFileType = file.storyboard; name = Base; path = Base.lproj/LaunchScreen.storyboard; sourceTree = "<group>"; };
		8E65FCEB2501DE920049D11F /* Info.plist */ = {isa = PBXFileReference; lastKnownFileType = text.plist.xml; path = Info.plist; sourceTree = "<group>"; };
		8E65FCEC2501DE920049D11F /* main.m */ = {isa = PBXFileReference; lastKnownFileType = sourcecode.c.objc; path = main.m; sourceTree = "<group>"; };
		8E65FCF22501DE920049D11F /* TestYYTextTests.xctest */ = {isa = PBXFileReference; explicitFileType = wrapper.cfbundle; includeInIndex = 0; path = TestYYTextTests.xctest; sourceTree = BUILT_PRODUCTS_DIR; };
		8E65FCF62501DE920049D11F /* TestYYTextTests.m */ = {isa = PBXFileReference; lastKnownFileType = sourcecode.c.objc; path = TestYYTextTests.m; sourceTree = "<group>"; };
		8E65FCF82501DE920049D11F /* Info.plist */ = {isa = PBXFileReference; lastKnownFileType = text.plist.xml; path = Info.plist; sourceTree = "<group>"; };
		8E65FCFD2501DE920049D11F /* TestYYTextUITests.xctest */ = {isa = PBXFileReference; explicitFileType = wrapper.cfbundle; includeInIndex = 0; path = TestYYTextUITests.xctest; sourceTree = BUILT_PRODUCTS_DIR; };
		8E65FD012501DE920049D11F /* TestYYTextUITests.m */ = {isa = PBXFileReference; lastKnownFileType = sourcecode.c.objc; path = TestYYTextUITests.m; sourceTree = "<group>"; };
		8E65FD032501DE920049D11F /* Info.plist */ = {isa = PBXFileReference; lastKnownFileType = text.plist.xml; path = Info.plist; sourceTree = "<group>"; };
/* End PBXFileReference section */

/* Begin PBXFrameworksBuildPhase section */
		8E65FCD42501DE910049D11F /* Frameworks */ = {
			isa = PBXFrameworksBuildPhase;
			buildActionMask = 2147483647;
			files = (
			);
			runOnlyForDeploymentPostprocessing = 0;
		};
		8E65FCEF2501DE920049D11F /* Frameworks */ = {
			isa = PBXFrameworksBuildPhase;
			buildActionMask = 2147483647;
			files = (
			);
			runOnlyForDeploymentPostprocessing = 0;
		};
		8E65FCFA2501DE920049D11F /* Frameworks */ = {
			isa = PBXFrameworksBuildPhase;
			buildActionMask = 2147483647;
			files = (
			);
			runOnlyForDeploymentPostprocessing = 0;
		};
/* End PBXFrameworksBuildPhase section */

/* Begin PBXGroup section */
		8E65FCCE2501DE910049D11F = {
			isa = PBXGroup;
			children = (
				8E65FCD92501DE910049D11F /* TestYYText */,
				8E65FCF52501DE920049D11F /* TestYYTextTests */,
				8E65FD002501DE920049D11F /* TestYYTextUITests */,
				8E65FCD82501DE910049D11F /* Products */,
			);
			sourceTree = "<group>";
		};
		8E65FCD82501DE910049D11F /* Products */ = {
			isa = PBXGroup;
			children = (
				8E65FCD72501DE910049D11F /* TestYYText.app */,
				8E65FCF22501DE920049D11F /* TestYYTextTests.xctest */,
				8E65FCFD2501DE920049D11F /* TestYYTextUITests.xctest */,
			);
			name = Products;
			sourceTree = "<group>";
		};
		8E65FCD92501DE910049D11F /* TestYYText */ = {
			isa = PBXGroup;
			children = (
				8E65FCDA2501DE910049D11F /* AppDelegate.h */,
				8E65FCDB2501DE910049D11F /* AppDelegate.m */,
				8E65FCDD2501DE910049D11F /* SceneDelegate.h */,
				8E65FCDE2501DE910049D11F /* SceneDelegate.m */,
				8E65FCE02501DE910049D11F /* ViewController.h */,
				8E65FCE12501DE910049D11F /* ViewController.m */,
				8E65FCE32501DE910049D11F /* Main.storyboard */,
				8E65FCE62501DE920049D11F /* Assets.xcassets */,
				8E65FCE82501DE920049D11F /* LaunchScreen.storyboard */,
				8E65FCEB2501DE920049D11F /* Info.plist */,
				8E65FCEC2501DE920049D11F /* main.m */,
			);
			path = TestYYText;
			sourceTree = "<group>";
		};
		8E65FCF52501DE920049D11F /* TestYYTextTests */ = {
			isa = PBXGroup;
			children = (
				8E65FCF62501DE920049D11F /* TestYYTextTests.m */,
				8E65FCF82501DE920049D11F /* Info.plist */,
			);
			path = TestYYTextTests;
			sourceTree = "<group>";
		};
		8E65FD002501DE920049D11F /* TestYYTextUITests */ = {
			isa = PBXGroup;
			children = (
				8E65FD012501DE920049D11F /* TestYYTextUITests.m */,
				8E65FD032501DE920049D11F /* Info.plist */,
			);
			path = TestYYTextUITests;
			sourceTree = "<group>";
		};
/* End PBXGroup section */

/* Begin PBXNativeTarget section */
		8E65FCD62501DE910049D11F /* TestYYText */ = {
			isa = PBXNativeTarget;
			buildConfigurationList = 8E65FD062501DE920049D11F /* Build configuration list for PBXNativeTarget "TestYYText" */;
			buildPhases = (
				8E65FCD32501DE910049D11F /* Sources */,
				8E65FCD42501DE910049D11F /* Frameworks */,
				8E65FCD52501DE910049D11F /* Resources */,
			);
			buildRules = (
			);
			dependencies = (
			);
			name = TestYYText;
			productName = TestYYText;
			productReference = 8E65FCD72501DE910049D11F /* TestYYText.app */;
			productType = "com.apple.product-type.application";
		};
		8E65FCF12501DE920049D11F /* TestYYTextTests */ = {
			isa = PBXNativeTarget;
			buildConfigurationList = 8E65FD092501DE920049D11F /* Build configuration list for PBXNativeTarget "TestYYTextTests" */;
			buildPhases = (
				8E65FCEE2501DE920049D11F /* Sources */,
				8E65FCEF2501DE920049D11F /* Frameworks */,
				8E65FCF02501DE920049D11F /* Resources */,
			);
			buildRules = (
			);
			dependencies = (
				8E65FCF42501DE920049D11F /* PBXTargetDependency */,
			);
			name = TestYYTextTests;
			productName = TestYYTextTests;
			productReference = 8E65FCF22501DE920049D11F /* TestYYTextTests.xctest */;
			productType = "com.apple.product-type.bundle.unit-test";
		};
		8E65FCFC2501DE920049D11F /* TestYYTextUITests */ = {
			isa = PBXNativeTarget;
			buildConfigurationList = 8E65FD0C2501DE920049D11F /* Build configuration list for PBXNativeTarget "TestYYTextUITests" */;
			buildPhases = (
				8E65FCF92501DE920049D11F /* Sources */,
				8E65FCFA2501DE920049D11F /* Frameworks */,
				8E65FCFB2501DE920049D11F /* Resources */,
			);
			buildRules = (
			);
			dependencies = (
				8E65FCFF2501DE920049D11F /* PBXTargetDependency */,
			);
			name = TestYYTextUITests;
			productName = TestYYTextUITests;
			productReference = 8E65FCFD2501DE920049D11F /* TestYYTextUITests.xctest */;
			productType = "com.apple.product-type.bundle.ui-testing";
		};
/* End PBXNativeTarget section */

/* Begin PBXProject section */
		8E65FCCF2501DE910049D11F /* Project object */ = {
			isa = PBXProject;
			attributes = {
				LastUpgradeCheck = 1200;
				TargetAttributes = {
					8E65FCD62501DE910049D11F = {
						CreatedOnToolsVersion = 12.0;
					};
					8E65FCF12501DE920049D11F = {
						CreatedOnToolsVersion = 12.0;
						TestTargetID = 8E65FCD62501DE910049D11F;
					};
					8E65FCFC2501DE920049D11F = {
						CreatedOnToolsVersion = 12.0;
						TestTargetID = 8E65FCD62501DE910049D11F;
					};
				};
			};
			buildConfigurationList = 8E65FCD22501DE910049D11F /* Build configuration list for PBXProject "TestYYText" */;
			compatibilityVersion = "Xcode 9.3";
			developmentRegion = en;
			hasScannedForEncodings = 0;
			knownRegions = (
				en,
				Base,
			);
			mainGroup = 8E65FCCE2501DE910049D11F;
			productRefGroup = 8E65FCD82501DE910049D11F /* Products */;
			projectDirPath = "";
			projectRoot = "";
			targets = (
				8E65FCD62501DE910049D11F /* TestYYText */,
				8E65FCF12501DE920049D11F /* TestYYTextTests */,
				8E65FCFC2501DE920049D11F /* TestYYTextUITests */,
			);
		};
/* End PBXProject section */

/* Begin PBXResourcesBuildPhase section */
		8E65FCD52501DE910049D11F /* Resources */ = {
			isa = PBXResourcesBuildPhase;
			buildActionMask = 2147483647;
			files = (
				8E65FCEA2501DE920049D11F /* LaunchScreen.storyboard in Resources */,
				8E65FCE72501DE920049D11F /* Assets.xcassets in Resources */,
				8E65FCE52501DE910049D11F /* Main.storyboard in Resources */,
			);
			runOnlyForDeploymentPostprocessing = 0;
		};
		8E65FCF02501DE920049D11F /* Resources */ = {
			isa = PBXResourcesBuildPhase;
			buildActionMask = 2147483647;
			files = (
			);
			runOnlyForDeploymentPostprocessing = 0;
		};
		8E65FCFB2501DE920049D11F /* Resources */ = {
			isa = PBXResourcesBuildPhase;
			buildActionMask = 2147483647;
			files = (
			);
			runOnlyForDeploymentPostprocessing = 0;
		};
/* End PBXResourcesBuildPhase section */

/* Begin PBXSourcesBuildPhase section */
		8E65FCD32501DE910049D11F /* Sources */ = {
			isa = PBXSourcesBuildPhase;
			buildActionMask = 2147483647;
			files = (
				8E65FCE22501DE910049D11F /* ViewController.m in Sources */,
				8E65FCDC2501DE910049D11F /* AppDelegate.m in Sources */,
				8E65FCED2501DE920049D11F /* main.m in Sources */,
				8E65FCDF2501DE910049D11F /* SceneDelegate.m in Sources */,
			);
			runOnlyForDeploymentPostprocessing = 0;
		};
		8E65FCEE2501DE920049D11F /* Sources */ = {
			isa = PBXSourcesBuildPhase;
			buildActionMask = 2147483647;
			files = (
				8E65FCF72501DE920049D11F /* TestYYTextTests.m in Sources */,
			);
			runOnlyForDeploymentPostprocessing = 0;
		};
		8E65FCF92501DE920049D11F /* Sources */ = {
			isa = PBXSourcesBuildPhase;
			buildActionMask = 2147483647;
			files = (
				8E65FD022501DE920049D11F /* TestYYTextUITests.m in Sources */,
			);
			runOnlyForDeploymentPostprocessing = 0;
		};
/* End PBXSourcesBuildPhase section */

/* Begin PBXTargetDependency section */
		8E65FCF42501DE920049D11F /* PBXTargetDependency */ = {
			isa = PBXTargetDependency;
			target = 8E65FCD62501DE910049D11F /* TestYYText */;
			targetProxy = 8E65FCF32501DE920049D11F /* PBXContainerItemProxy */;
		};
		8E65FCFF2501DE920049D11F /* PBXTargetDependency */ = {
			isa = PBXTargetDependency;
			target = 8E65FCD62501DE910049D11F /* TestYYText */;
			targetProxy = 8E65FCFE2501DE920049D11F /* PBXContainerItemProxy */;
		};
/* End PBXTargetDependency section */

/* Begin PBXVariantGroup section */
		8E65FCE32501DE910049D11F /* Main.storyboard */ = {
			isa = PBXVariantGroup;
			children = (
				8E65FCE42501DE910049D11F /* Base */,
			);
			name = Main.storyboard;
			sourceTree = "<group>";
		};
		8E65FCE82501DE920049D11F /* LaunchScreen.storyboard */ = {
			isa = PBXVariantGroup;
			children = (
				8E65FCE92501DE920049D11F /* Base */,
			);
			name = LaunchScreen.storyboard;
			sourceTree = "<group>";
		};
/* End PBXVariantGroup section */

/* Begin XCBuildConfiguration section */
		8E65FD042501DE920049D11F /* Debug */ = {
			isa = XCBuildConfiguration;
			buildSettings = {
				ALWAYS_SEARCH_USER_PATHS = NO;
				CLANG_ANALYZER_NONNULL = YES;
				CLANG_ANALYZER_NUMBER_OBJECT_CONVERSION = YES_AGGRESSIVE;
				CLANG_CXX_LANGUAGE_STANDARD = "gnu++14";
				CLANG_CXX_LIBRARY = "libc++";
				CLANG_ENABLE_MODULES = YES;
				CLANG_ENABLE_OBJC_ARC = YES;
				CLANG_ENABLE_OBJC_WEAK = YES;
				CLANG_WARN_BLOCK_CAPTURE_AUTORELEASING = YES;
				CLANG_WARN_BOOL_CONVERSION = YES;
				CLANG_WARN_COMMA = YES;
				CLANG_WARN_CONSTANT_CONVERSION = YES;
				CLANG_WARN_DEPRECATED_OBJC_IMPLEMENTATIONS = YES;
				CLANG_WARN_DIRECT_OBJC_ISA_USAGE = YES_ERROR;
				CLANG_WARN_DOCUMENTATION_COMMENTS = YES;
				CLANG_WARN_EMPTY_BODY = YES;
				CLANG_WARN_ENUM_CONVERSION = YES;
				CLANG_WARN_INFINITE_RECURSION = YES;
				CLANG_WARN_INT_CONVERSION = YES;
				CLANG_WARN_NON_LITERAL_NULL_CONVERSION = YES;
				CLANG_WARN_OBJC_IMPLICIT_RETAIN_SELF = YES;
				CLANG_WARN_OBJC_LITERAL_CONVERSION = YES;
				CLANG_WARN_OBJC_ROOT_CLASS = YES_ERROR;
				CLANG_WARN_QUOTED_INCLUDE_IN_FRAMEWORK_HEADER = YES;
				CLANG_WARN_RANGE_LOOP_ANALYSIS = YES;
				CLANG_WARN_STRICT_PROTOTYPES = YES;
				CLANG_WARN_SUSPICIOUS_MOVE = YES;
				CLANG_WARN_UNGUARDED_AVAILABILITY = YES_AGGRESSIVE;
				CLANG_WARN_UNREACHABLE_CODE = YES;
				CLANG_WARN__DUPLICATE_METHOD_MATCH = YES;
				COPY_PHASE_STRIP = NO;
				DEBUG_INFORMATION_FORMAT = dwarf;
				ENABLE_STRICT_OBJC_MSGSEND = YES;
				ENABLE_TESTABILITY = YES;
				GCC_C_LANGUAGE_STANDARD = gnu11;
				GCC_DYNAMIC_NO_PIC = NO;
				GCC_NO_COMMON_BLOCKS = YES;
				GCC_OPTIMIZATION_LEVEL = 0;
				GCC_PREPROCESSOR_DEFINITIONS = (
					"DEBUG=1",
					"$(inherited)",
				);
				GCC_WARN_64_TO_32_BIT_CONVERSION = YES;
				GCC_WARN_ABOUT_RETURN_TYPE = YES_ERROR;
				GCC_WARN_UNDECLARED_SELECTOR = YES;
				GCC_WARN_UNINITIALIZED_AUTOS = YES_AGGRESSIVE;
				GCC_WARN_UNUSED_FUNCTION = YES;
				GCC_WARN_UNUSED_VARIABLE = YES;
				IPHONEOS_DEPLOYMENT_TARGET = 14.0;
				MTL_ENABLE_DEBUG_INFO = INCLUDE_SOURCE;
				MTL_FAST_MATH = YES;
				ONLY_ACTIVE_ARCH = YES;
				SDKROOT = iphoneos;
			};
			name = Debug;
		};
		8E65FD052501DE920049D11F /* Release */ = {
			isa = XCBuildConfiguration;
			buildSettings = {
				ALWAYS_SEARCH_USER_PATHS = NO;
				CLANG_ANALYZER_NONNULL = YES;
				CLANG_ANALYZER_NUMBER_OBJECT_CONVERSION = YES_AGGRESSIVE;
				CLANG_CXX_LANGUAGE_STANDARD = "gnu++14";
				CLANG_CXX_LIBRARY = "libc++";
				CLANG_ENABLE_MODULES = YES;
				CLANG_ENABLE_OBJC_ARC = YES;
				CLANG_ENABLE_OBJC_WEAK = YES;
				CLANG_WARN_BLOCK_CAPTURE_AUTORELEASING = YES;
				CLANG_WARN_BOOL_CONVERSION = YES;
				CLANG_WARN_COMMA = YES;
				CLANG_WARN_CONSTANT_CONVERSION = YES;
				CLANG_WARN_DEPRECATED_OBJC_IMPLEMENTATIONS = YES;
				CLANG_WARN_DIRECT_OBJC_ISA_USAGE = YES_ERROR;
				CLANG_WARN_DOCUMENTATION_COMMENTS = YES;
				CLANG_WARN_EMPTY_BODY = YES;
				CLANG_WARN_ENUM_CONVERSION = YES;
				CLANG_WARN_INFINITE_RECURSION = YES;
				CLANG_WARN_INT_CONVERSION = YES;
				CLANG_WARN_NON_LITERAL_NULL_CONVERSION = YES;
				CLANG_WARN_OBJC_IMPLICIT_RETAIN_SELF = YES;
				CLANG_WARN_OBJC_LITERAL_CONVERSION = YES;
				CLANG_WARN_OBJC_ROOT_CLASS = YES_ERROR;
				CLANG_WARN_QUOTED_INCLUDE_IN_FRAMEWORK_HEADER = YES;
				CLANG_WARN_RANGE_LOOP_ANALYSIS = YES;
				CLANG_WARN_STRICT_PROTOTYPES = YES;
				CLANG_WARN_SUSPICIOUS_MOVE = YES;
				CLANG_WARN_UNGUARDED_AVAILABILITY = YES_AGGRESSIVE;
				CLANG_WARN_UNREACHABLE_CODE = YES;
				CLANG_WARN__DUPLICATE_METHOD_MATCH = YES;
				COPY_PHASE_STRIP = NO;
				DEBUG_INFORMATION_FORMAT = "dwarf-with-dsym";
				ENABLE_NS_ASSERTIONS = NO;
				ENABLE_STRICT_OBJC_MSGSEND = YES;
				GCC_C_LANGUAGE_STANDARD = gnu11;
				GCC_NO_COMMON_BLOCKS = YES;
				GCC_WARN_64_TO_32_BIT_CONVERSION = YES;
				GCC_WARN_ABOUT_RETURN_TYPE = YES_ERROR;
				GCC_WARN_UNDECLARED_SELECTOR = YES;
				GCC_WARN_UNINITIALIZED_AUTOS = YES_AGGRESSIVE;
				GCC_WARN_UNUSED_FUNCTION = YES;
				GCC_WARN_UNUSED_VARIABLE = YES;
				IPHONEOS_DEPLOYMENT_TARGET = 14.0;
				MTL_ENABLE_DEBUG_INFO = NO;
				MTL_FAST_MATH = YES;
				SDKROOT = iphoneos;
				VALIDATE_PRODUCT = YES;
			};
			name = Release;
		};
		8E65FD072501DE920049D11F /* Debug */ = {
			isa = XCBuildConfiguration;
			buildSettings = {
				ASSETCATALOG_COMPILER_APPICON_NAME = AppIcon;
				ASSETCATALOG_COMPILER_GLOBAL_ACCENT_COLOR_NAME = AccentColor;
				CODE_SIGN_STYLE = Automatic;
				INFOPLIST_FILE = TestYYText/Info.plist;
				LD_RUNPATH_SEARCH_PATHS = (
					"$(inherited)",
					"@executable_path/Frameworks",
				);
				PRODUCT_BUNDLE_IDENTIFIER = HelloWorld.TestYYText;
				PRODUCT_NAME = "$(TARGET_NAME)";
				TARGETED_DEVICE_FAMILY = "1,2";
			};
			name = Debug;
		};
		8E65FD082501DE920049D11F /* Release */ = {
			isa = XCBuildConfiguration;
			buildSettings = {
				ASSETCATALOG_COMPILER_APPICON_NAME = AppIcon;
				ASSETCATALOG_COMPILER_GLOBAL_ACCENT_COLOR_NAME = AccentColor;
				CODE_SIGN_STYLE = Automatic;
				INFOPLIST_FILE = TestYYText/Info.plist;
				LD_RUNPATH_SEARCH_PATHS = (
					"$(inherited)",
					"@executable_path/Frameworks",
				);
				PRODUCT_BUNDLE_IDENTIFIER = HelloWorld.TestYYText;
				PRODUCT_NAME = "$(TARGET_NAME)";
				TARGETED_DEVICE_FAMILY = "1,2";
			};
			name = Release;
		};
		8E65FD0A2501DE920049D11F /* Debug */ = {
			isa = XCBuildConfiguration;
			buildSettings = {
				BUNDLE_LOADER = "$(TEST_HOST)";
				CODE_SIGN_STYLE = Automatic;
				INFOPLIST_FILE = TestYYTextTests/Info.plist;
				IPHONEOS_DEPLOYMENT_TARGET = 14.0;
				LD_RUNPATH_SEARCH_PATHS = (
					"$(inherited)",
					"@executable_path/Frameworks",
					"@loader_path/Frameworks",
				);
				PRODUCT_BUNDLE_IDENTIFIER = HelloWorld.TestYYTextTests;
				PRODUCT_NAME = "$(TARGET_NAME)";
				TARGETED_DEVICE_FAMILY = "1,2";
				TEST_HOST = "$(BUILT_PRODUCTS_DIR)/TestYYText.app/TestYYText";
			};
			name = Debug;
		};
		8E65FD0B2501DE920049D11F /* Release */ = {
			isa = XCBuildConfiguration;
			buildSettings = {
				BUNDLE_LOADER = "$(TEST_HOST)";
				CODE_SIGN_STYLE = Automatic;
				INFOPLIST_FILE = TestYYTextTests/Info.plist;
				IPHONEOS_DEPLOYMENT_TARGET = 14.0;
				LD_RUNPATH_SEARCH_PATHS = (
					"$(inherited)",
					"@executable_path/Frameworks",
					"@loader_path/Frameworks",
				);
				PRODUCT_BUNDLE_IDENTIFIER = HelloWorld.TestYYTextTests;
				PRODUCT_NAME = "$(TARGET_NAME)";
				TARGETED_DEVICE_FAMILY = "1,2";
				TEST_HOST = "$(BUILT_PRODUCTS_DIR)/TestYYText.app/TestYYText";
			};
			name = Release;
		};
		8E65FD0D2501DE920049D11F /* Debug */ = {
			isa = XCBuildConfiguration;
			buildSettings = {
				CODE_SIGN_STYLE = Automatic;
				INFOPLIST_FILE = TestYYTextUITests/Info.plist;
				LD_RUNPATH_SEARCH_PATHS = (
					"$(inherited)",
					"@executable_path/Frameworks",
					"@loader_path/Frameworks",
				);
				PRODUCT_BUNDLE_IDENTIFIER = HelloWorld.TestYYTextUITests;
				PRODUCT_NAME = "$(TARGET_NAME)";
				TARGETED_DEVICE_FAMILY = "1,2";
				TEST_TARGET_NAME = TestYYText;
			};
			name = Debug;
		};
		8E65FD0E2501DE920049D11F /* Release */ = {
			isa = XCBuildConfiguration;
			buildSettings = {
				CODE_SIGN_STYLE = Automatic;
				INFOPLIST_FILE = TestYYTextUITests/Info.plist;
				LD_RUNPATH_SEARCH_PATHS = (
					"$(inherited)",
					"@executable_path/Frameworks",
					"@loader_path/Frameworks",
				);
				PRODUCT_BUNDLE_IDENTIFIER = HelloWorld.TestYYTextUITests;
				PRODUCT_NAME = "$(TARGET_NAME)";
				TARGETED_DEVICE_FAMILY = "1,2";
				TEST_TARGET_NAME = TestYYText;
			};
			name = Release;
		};
/* End XCBuildConfiguration section */

/* Begin XCConfigurationList section */
		8E65FCD22501DE910049D11F /* Build configuration list for PBXProject "TestYYText" */ = {
			isa = XCConfigurationList;
			buildConfigurations = (
				8E65FD042501DE920049D11F /* Debug */,
				8E65FD052501DE920049D11F /* Release */,
			);
			defaultConfigurationIsVisible = 0;
			defaultConfigurationName = Release;
		};
		8E65FD062501DE920049D11F /* Build configuration list for PBXNativeTarget "TestYYText" */ = {
			isa = XCConfigurationList;
			buildConfigurations = (
				8E65FD072501DE920049D11F /* Debug */,
				8E65FD082501DE920049D11F /* Release */,
			);
			defaultConfigurationIsVisible = 0;
			defaultConfigurationName = Release;
		};
		8E65FD092501DE920049D11F /* Build configuration list for PBXNativeTarget "TestYYTextTests" */ = {
			isa = XCConfigurationList;
			buildConfigurations = (
				8E65FD0A2501DE920049D11F /* Debug */,
				8E65FD0B2501DE920049D11F /* Release */,
			);
			defaultConfigurationIsVisible = 0;
			defaultConfigurationName = Release;
		};
		8E65FD0C2501DE920049D11F /* Build configuration list for PBXNativeTarget "TestYYTextUITests" */ = {
			isa = XCConfigurationList;
			buildConfigurations = (
				8E65FD0D2501DE920049D11F /* Debug */,
				8E65FD0E2501DE920049D11F /* Release */,
			);
			defaultConfigurationIsVisible = 0;
			defaultConfigurationName = Release;
		};
/* End XCConfigurationList section */
	};
	rootObject = 8E65FCCF2501DE910049D11F /* Project object */;
}
